
Microsoft Visual Studio Solution File, Format Version 12.00
# Visual Studio 15
VisualStudioVersion = 15.0.28307.168
MinimumVisualStudioVersion = 10.0.40219.1
Project("{FAE04EC0-301F-11D3-BF4B-00C04F79EFBC}") = "adopse1112", "adopse1112\adopse1112.csproj", "{8920D286-FBA0-4135-8428-59BBAD2E3DB6}"
EndProject
Global
	GlobalSection(SolutionConfigurationPlatforms) = preSolution
		Debug|Any CPU = Debug|Any CPU
		Release|Any CPU = Release|Any CPU
	EndGlobalSection
	GlobalSection(ProjectConfigurationPlatforms) = postSolution
		{8920D286-FBA0-4135-8428-59BBAD2E3DB6}.Debug|Any CPU.ActiveCfg = Debug|Any CPU
		{8920D286-FBA0-4135-8428-59BBAD2E3DB6}.Debug|Any CPU.Build.0 = Debug|Any CPU
		{8920D286-FBA0-4135-8428-59BBAD2E3DB6}.Release|Any CPU.ActiveCfg = Release|Any CPU
		{8920D286-FBA0-4135-8428-59BBAD2E3DB6}.Release|Any CPU.Build.0 = Release|Any CPU
	EndGlobalSection
	GlobalSection(SolutionProperties) = preSolution
		HideSolutionNode = FALSE
	EndGlobalSection
	GlobalSection(ExtensibilityGlobals) = postSolution
		SolutionGuid = {1465D76A-5808-4169-8718-FAD734A64E0D}
	EndGlobalSection
EndGlobal
